// !$*UTF8*$!
{
	archiveVersion = 1;
	classes = {
	};
	objectVersion = 46;
	objects = {

/* Begin PBXBuildFile section */
		ED39C260222E6107005E7385 /* scaner.c in Sources */ = {isa = PBXBuildFile; fileRef = ED39C25F222E6107005E7385 /* scaner.c */; };
		ED6E6121221311DC00363321 /* mipsgen.c in Sources */ = {isa = PBXBuildFile; fileRef = ED6E611F221311DC00363321 /* mipsgen.c */; };
		ED6E6122221311DC00363321 /* mipsopt.c in Sources */ = {isa = PBXBuildFile; fileRef = ED6E6120221311DC00363321 /* mipsopt.c */; };
		ED9101961FAA0CF60089A8A4 /* keywords.txt in CopyFiles */ = {isa = PBXBuildFile; fileRef = ED9101951FAA0CF50089A8A4 /* keywords.txt */; };
		EDC2DE3921357B1C0056585C /* preprocess.c in Sources */ = {isa = PBXBuildFile; fileRef = EDC2DE3821357B1C0056585C /* preprocess.c */; };
		EDCB458B1DDF4B9C0030AE24 /* codes.c in Sources */ = {isa = PBXBuildFile; fileRef = EDCB45821DDF4B9C0030AE24 /* codes.c */; };
		EDCB458C1DDF4B9C0030AE24 /* error.c in Sources */ = {isa = PBXBuildFile; fileRef = EDCB45841DDF4B9C0030AE24 /* error.c */; };
		EDCB458D1DDF4B9C0030AE24 /* extdecl.c in Sources */ = {isa = PBXBuildFile; fileRef = EDCB45851DDF4B9C0030AE24 /* extdecl.c */; };
		EDCB458F1DDF4B9C0030AE24 /* main.c in Sources */ = {isa = PBXBuildFile; fileRef = EDCB45881DDF4B9C0030AE24 /* main.c */; };
		EDE8849E1F3C8CDE00DAE9F0 /* threads.c in Sources */ = {isa = PBXBuildFile; fileRef = EDE8849D1F3C8CDE00DAE9F0 /* threads.c */; };
/* End PBXBuildFile section */

/* Begin PBXCopyFilesBuildPhase section */
		EDCB45751DDF4ACF0030AE24 /* CopyFiles */ = {
			isa = PBXCopyFilesBuildPhase;
			buildActionMask = 12;
			dstPath = "";
			dstSubfolderSpec = 16;
			files = (
				ED9101961FAA0CF60089A8A4 /* keywords.txt in CopyFiles */,
			);
			runOnlyForDeploymentPostprocessing = 0;
		};
/* End PBXCopyFilesBuildPhase section */

/* Begin PBXFileReference section */
		ED39C25F222E6107005E7385 /* scaner.c */ = {isa = PBXFileReference; fileEncoding = 4; lastKnownFileType = sourcecode.c.c; path = scaner.c; sourceTree = "<group>"; };
		ED6E611F221311DC00363321 /* mipsgen.c */ = {isa = PBXFileReference; fileEncoding = 4; lastKnownFileType = sourcecode.c.c; path = mipsgen.c; sourceTree = "<group>"; };
		ED6E6120221311DC00363321 /* mipsopt.c */ = {isa = PBXFileReference; fileEncoding = 4; lastKnownFileType = sourcecode.c.c; path = mipsopt.c; sourceTree = "<group>"; };
		ED70946E2350BC0500FACB6D /* Defs.h */ = {isa = PBXFileReference; fileEncoding = 4; lastKnownFileType = sourcecode.c.h; path = Defs.h; sourceTree = "<group>"; };
		ED9101951FAA0CF50089A8A4 /* keywords.txt */ = {isa = PBXFileReference; lastKnownFileType = text; path = keywords.txt; sourceTree = "<group>"; };
		EDC2DE3821357B1C0056585C /* preprocess.c */ = {isa = PBXFileReference; fileEncoding = 4; lastKnownFileType = sourcecode.c.c; path = preprocess.c; sourceTree = "<group>"; };
		EDCB45771DDF4ACF0030AE24 /* ruc */ = {isa = PBXFileReference; explicitFileType = "compiled.mach-o.executable"; includeInIndex = 0; path = ruc; sourceTree = BUILT_PRODUCTS_DIR; };
		EDCB45821DDF4B9C0030AE24 /* codes.c */ = {isa = PBXFileReference; fileEncoding = 4; lastKnownFileType = sourcecode.c.c; path = codes.c; sourceTree = "<group>"; };
		EDCB45841DDF4B9C0030AE24 /* error.c */ = {isa = PBXFileReference; fileEncoding = 4; lastKnownFileType = sourcecode.c.c; path = error.c; sourceTree = "<group>"; };
		EDCB45851DDF4B9C0030AE24 /* extdecl.c */ = {isa = PBXFileReference; fileEncoding = 4; lastKnownFileType = sourcecode.c.c; path = extdecl.c; sourceTree = "<group>"; };
		EDCB45861DDF4B9C0030AE24 /* global_vars.h */ = {isa = PBXFileReference; fileEncoding = 4; lastKnownFileType = sourcecode.c.h; path = global_vars.h; sourceTree = "<group>"; };
		EDCB45881DDF4B9C0030AE24 /* main.c */ = {isa = PBXFileReference; fileEncoding = 4; lastKnownFileType = sourcecode.c.c; path = main.c; sourceTree = "<group>"; };
		EDE8849D1F3C8CDE00DAE9F0 /* threads.c */ = {isa = PBXFileReference; fileEncoding = 4; lastKnownFileType = sourcecode.c.c; path = threads.c; sourceTree = "<group>"; };
		EDE8849F1F499DA300DAE9F0 /* th_static.h */ = {isa = PBXFileReference; fileEncoding = 4; lastKnownFileType = sourcecode.c.h; path = th_static.h; sourceTree = "<group>"; };
/* End PBXFileReference section */

/* Begin PBXFrameworksBuildPhase section */
		EDCB45741DDF4ACF0030AE24 /* Frameworks */ = {
			isa = PBXFrameworksBuildPhase;
			buildActionMask = 2147483647;
			files = (
			);
			runOnlyForDeploymentPostprocessing = 0;
		};
/* End PBXFrameworksBuildPhase section */

/* Begin PBXGroup section */
		EDCB456E1DDF4ACF0030AE24 = {
			isa = PBXGroup;
			children = (
				EDCB45791DDF4ACF0030AE24 /* RuC */,
				EDCB45781DDF4ACF0030AE24 /* Products */,
			);
			sourceTree = "<group>";
		};
		EDCB45781DDF4ACF0030AE24 /* Products */ = {
			isa = PBXGroup;
			children = (
				EDCB45771DDF4ACF0030AE24 /* ruc */,
			);
			name = Products;
			sourceTree = "<group>";
		};
		EDCB45791DDF4ACF0030AE24 /* RuC */ = {
			isa = PBXGroup;
			children = (
				ED9101951FAA0CF50089A8A4 /* keywords.txt */,
				ED6E611F221311DC00363321 /* mipsgen.c */,
				ED6E6120221311DC00363321 /* mipsopt.c */,
				EDC2DE3821357B1C0056585C /* preprocess.c */,
				EDE8849F1F499DA300DAE9F0 /* th_static.h */,
				EDCB45821DDF4B9C0030AE24 /* codes.c */,
				ED39C25F222E6107005E7385 /* scaner.c */,
				EDCB45841DDF4B9C0030AE24 /* error.c */,
				EDCB45861DDF4B9C0030AE24 /* global_vars.h */,
				EDCB45851DDF4B9C0030AE24 /* extdecl.c */,
				ED70946E2350BC0500FACB6D /* Defs.h */,
				EDE8849D1F3C8CDE00DAE9F0 /* threads.c */,
				EDCB45881DDF4B9C0030AE24 /* main.c */,
			);
			path = RuC;
			sourceTree = "<group>";
		};
/* End PBXGroup section */

/* Begin PBXNativeTarget section */
		EDCB45761DDF4ACF0030AE24 /* RuC */ = {
			isa = PBXNativeTarget;
			buildConfigurationList = EDCB457E1DDF4ACF0030AE24 /* Build configuration list for PBXNativeTarget "RuC" */;
			buildPhases = (
				EDCB45731DDF4ACF0030AE24 /* Sources */,
				EDCB45741DDF4ACF0030AE24 /* Frameworks */,
				EDCB45751DDF4ACF0030AE24 /* CopyFiles */,
			);
			buildRules = (
			);
			dependencies = (
			);
			name = RuC;
			productName = RuC;
			productReference = EDCB45771DDF4ACF0030AE24 /* ruc */;
			productType = "com.apple.product-type.tool";
		};
/* End PBXNativeTarget section */

/* Begin PBXProject section */
		EDCB456F1DDF4ACF0030AE24 /* Project object */ = {
			isa = PBXProject;
			attributes = {
				LastUpgradeCheck = 0810;
				ORGANIZATIONNAME = "SE chair";
				TargetAttributes = {
					EDCB45761DDF4ACF0030AE24 = {
						CreatedOnToolsVersion = 8.1;
						ProvisioningStyle = Automatic;
					};
				};
			};
			buildConfigurationList = EDCB45721DDF4ACF0030AE24 /* Build configuration list for PBXProject "RuC" */;
			compatibilityVersion = "Xcode 3.2";
			developmentRegion = English;
			hasScannedForEncodings = 0;
			knownRegions = (
				English,
				en,
			);
			mainGroup = EDCB456E1DDF4ACF0030AE24;
			productRefGroup = EDCB45781DDF4ACF0030AE24 /* Products */;
			projectDirPath = "";
			projectRoot = "";
			targets = (
				EDCB45761DDF4ACF0030AE24 /* RuC */,
			);
		};
/* End PBXProject section */

/* Begin PBXSourcesBuildPhase section */
		EDCB45731DDF4ACF0030AE24 /* Sources */ = {
			isa = PBXSourcesBuildPhase;
			buildActionMask = 2147483647;
			files = (
				EDCB458C1DDF4B9C0030AE24 /* error.c in Sources */,
				EDCB458B1DDF4B9C0030AE24 /* codes.c in Sources */,
				EDCB458F1DDF4B9C0030AE24 /* main.c in Sources */,
				ED6E6122221311DC00363321 /* mipsopt.c in Sources */,
				ED39C260222E6107005E7385 /* scaner.c in Sources */,
				EDC2DE3921357B1C0056585C /* preprocess.c in Sources */,
				EDCB458D1DDF4B9C0030AE24 /* extdecl.c in Sources */,
				ED6E6121221311DC00363321 /* mipsgen.c in Sources */,
				EDE8849E1F3C8CDE00DAE9F0 /* threads.c in Sources */,
			);
			runOnlyForDeploymentPostprocessing = 0;
		};
/* End PBXSourcesBuildPhase section */

/* Begin XCBuildConfiguration section */
		EDCB457C1DDF4ACF0030AE24 /* Debug */ = {
			isa = XCBuildConfiguration;
			buildSettings = {
				ALWAYS_SEARCH_USER_PATHS = NO;
				CLANG_ANALYZER_NONNULL = YES;
				CLANG_CXX_LANGUAGE_STANDARD = "gnu++0x";
				CLANG_CXX_LIBRARY = "libc++";
				CLANG_ENABLE_MODULES = YES;
				CLANG_ENABLE_OBJC_ARC = YES;
				CLANG_WARN_BOOL_CONVERSION = YES;
				CLANG_WARN_CONSTANT_CONVERSION = YES;
				CLANG_WARN_DIRECT_OBJC_ISA_USAGE = YES_ERROR;
				CLANG_WARN_DOCUMENTATION_COMMENTS = YES;
				CLANG_WARN_EMPTY_BODY = YES;
				CLANG_WARN_ENUM_CONVERSION = YES;
				CLANG_WARN_INFINITE_RECURSION = YES;
				CLANG_WARN_INT_CONVERSION = YES;
				CLANG_WARN_OBJC_ROOT_CLASS = YES_ERROR;
				CLANG_WARN_SUSPICIOUS_MOVES = YES;
				CLANG_WARN_UNREACHABLE_CODE = YES;
				CLANG_WARN__DUPLICATE_METHOD_MATCH = YES;
				CODE_SIGN_IDENTITY = "-";
				COPY_PHASE_STRIP = NO;
				DEBUG_INFORMATION_FORMAT = dwarf;
				ENABLE_STRICT_OBJC_MSGSEND = YES;
				ENABLE_TESTABILITY = YES;
				GCC_C_LANGUAGE_STANDARD = gnu99;
				GCC_DYNAMIC_NO_PIC = NO;
				GCC_NO_COMMON_BLOCKS = YES;
				GCC_OPTIMIZATION_LEVEL = 0;
				GCC_PREPROCESSOR_DEFINITIONS = (
					"DEBUG=1",
					"$(inherited)",
				);
				GCC_WARN_64_TO_32_BIT_CONVERSION = YES;
				GCC_WARN_ABOUT_RETURN_TYPE = YES_ERROR;
				GCC_WARN_UNDECLARED_SELECTOR = YES;
				GCC_WARN_UNINITIALIZED_AUTOS = YES_AGGRESSIVE;
				GCC_WARN_UNUSED_FUNCTION = YES;
				GCC_WARN_UNUSED_VARIABLE = YES;
				MACOSX_DEPLOYMENT_TARGET = 10.12;
				MTL_ENABLE_DEBUG_INFO = YES;
				ONLY_ACTIVE_ARCH = YES;
				SDKROOT = macosx;
			};
			name = Debug;
		};
		EDCB457D1DDF4ACF0030AE24 /* Release */ = {
			isa = XCBuildConfiguration;
			buildSettings = {
				ALWAYS_SEARCH_USER_PATHS = NO;
				CLANG_ANALYZER_NONNULL = YES;
				CLANG_CXX_LANGUAGE_STANDARD = "gnu++0x";
				CLANG_CXX_LIBRARY = "libc++";
				CLANG_ENABLE_MODULES = YES;
				CLANG_ENABLE_OBJC_ARC = YES;
				CLANG_WARN_BOOL_CONVERSION = YES;
				CLANG_WARN_CONSTANT_CONVERSION = YES;
				CLANG_WARN_DIRECT_OBJC_ISA_USAGE = YES_ERROR;
				CLANG_WARN_DOCUMENTATION_COMMENTS = YES;
				CLANG_WARN_EMPTY_BODY = YES;
				CLANG_WARN_ENUM_CONVERSION = YES;
				CLANG_WARN_INFINITE_RECURSION = YES;
				CLANG_WARN_INT_CONVERSION = YES;
				CLANG_WARN_OBJC_ROOT_CLASS = YES_ERROR;
				CLANG_WARN_SUSPICIOUS_MOVES = YES;
				CLANG_WARN_UNREACHABLE_CODE = YES;
				CLANG_WARN__DUPLICATE_METHOD_MATCH = YES;
				CODE_SIGN_IDENTITY = "-";
				COPY_PHASE_STRIP = NO;
				DEBUG_INFORMATION_FORMAT = "dwarf-with-dsym";
				ENABLE_NS_ASSERTIONS = NO;
				ENABLE_STRICT_OBJC_MSGSEND = YES;
				GCC_C_LANGUAGE_STANDARD = gnu99;
				GCC_NO_COMMON_BLOCKS = YES;
				GCC_WARN_64_TO_32_BIT_CONVERSION = YES;
				GCC_WARN_ABOUT_RETURN_TYPE = YES_ERROR;
				GCC_WARN_UNDECLARED_SELECTOR = YES;
				GCC_WARN_UNINITIALIZED_AUTOS = YES_AGGRESSIVE;
				GCC_WARN_UNUSED_FUNCTION = YES;
				GCC_WARN_UNUSED_VARIABLE = YES;
				MACOSX_DEPLOYMENT_TARGET = 10.12;
				MTL_ENABLE_DEBUG_INFO = NO;
				SDKROOT = macosx;
			};
			name = Release;
		};
		EDCB457F1DDF4ACF0030AE24 /* Debug */ = {
			isa = XCBuildConfiguration;
			buildSettings = {
				CONFIGURATION_BUILD_DIR = "$(SRCROOT)/bin";
				GCC_NO_COMMON_BLOCKS = NO;
				MACOSX_DEPLOYMENT_TARGET = 10.12;
				PRODUCT_NAME = ruc;
			};
			name = Debug;
		};
		EDCB45801DDF4ACF0030AE24 /* Release */ = {
			isa = XCBuildConfiguration;
			buildSettings = {
				GCC_NO_COMMON_BLOCKS = NO;
				MACOSX_DEPLOYMENT_TARGET = 10.12;
				PRODUCT_NAME = ruc;
			};
			name = Release;
		};
/* End XCBuildConfiguration section */

/* Begin XCConfigurationList section */
		EDCB45721DDF4ACF0030AE24 /* Build configuration list for PBXProject "RuC" */ = {
			isa = XCConfigurationList;
			buildConfigurations = (
				EDCB457C1DDF4ACF0030AE24 /* Debug */,
				EDCB457D1DDF4ACF0030AE24 /* Release */,
			);
			defaultConfigurationIsVisible = 0;
			defaultConfigurationName = Release;
		};
		EDCB457E1DDF4ACF0030AE24 /* Build configuration list for PBXNativeTarget "RuC" */ = {
			isa = XCConfigurationList;
			buildConfigurations = (
				EDCB457F1DDF4ACF0030AE24 /* Debug */,
				EDCB45801DDF4ACF0030AE24 /* Release */,
			);
			defaultConfigurationIsVisible = 0;
			defaultConfigurationName = Release;
		};
/* End XCConfigurationList section */
	};
	rootObject = EDCB456F1DDF4ACF0030AE24 /* Project object */;
}
